
Microsoft Visual Studio Solution File, Format Version 12.00
# Visual Studio 2015
Project("{FAE04EC0-301F-11D3-BF4B-00C04F79EFBC}") = "TilePainter.CSharp", "TilePainter.CSharp.csproj", "{ED06633B-5C20-7B97-FE66-3FA23F69D521}"
EndProject
Project("{FAE04EC0-301F-11D3-BF4B-00C04F79EFBC}") = "TilePainter.CSharp.Editor", "TilePainter.CSharp.Editor.csproj", "{9FB891A5-84BE-162B-6A82-8948F7ADBC94}"
EndProject
Global
	GlobalSection(SolutionConfigurationPlatforms) = preSolution
		Debug|Any CPU = Debug|Any CPU
		Release|Any CPU = Release|Any CPU
	EndGlobalSection
	GlobalSection(ProjectConfigurationPlatforms) = postSolution
		{ED06633B-5C20-7B97-FE66-3FA23F69D521}.Debug|Any CPU.ActiveCfg = Debug|Any CPU
		{ED06633B-5C20-7B97-FE66-3FA23F69D521}.Debug|Any CPU.Build.0 = Debug|Any CPU
		{ED06633B-5C20-7B97-FE66-3FA23F69D521}.Release|Any CPU.ActiveCfg = Release|Any CPU
		{ED06633B-5C20-7B97-FE66-3FA23F69D521}.Release|Any CPU.Build.0 = Release|Any CPU
		{9FB891A5-84BE-162B-6A82-8948F7ADBC94}.Debug|Any CPU.ActiveCfg = Debug|Any CPU
		{9FB891A5-84BE-162B-6A82-8948F7ADBC94}.Debug|Any CPU.Build.0 = Debug|Any CPU
		{9FB891A5-84BE-162B-6A82-8948F7ADBC94}.Release|Any CPU.ActiveCfg = Release|Any CPU
		{9FB891A5-84BE-162B-6A82-8948F7ADBC94}.Release|Any CPU.Build.0 = Release|Any CPU
	EndGlobalSection
	GlobalSection(SolutionProperties) = preSolution
		HideSolutionNode = FALSE
	EndGlobalSection
EndGlobal
